
Microsoft Visual Studio Solution File, Format Version 12.00
# Visual Studio 15
VisualStudioVersion = 15.0.26730.15
MinimumVisualStudioVersion = 10.0.40219.1
Project("{FAE04EC0-301F-11D3-BF4B-00C04F79EFBC}") = "EmojiMemoryMatch", "EmojiMemoryMatch\EmojiMemoryMatch.csproj", "{1CAB449A-3C94-4430-AD40-358180A6CFDD}"
EndProject
Global
	GlobalSection(SolutionConfigurationPlatforms) = preSolution
		Debug|Any CPU = Debug|Any CPU
		Release|Any CPU = Release|Any CPU
	EndGlobalSection
	GlobalSection(ProjectConfigurationPlatforms) = postSolution
		{1CAB449A-3C94-4430-AD40-358180A6CFDD}.Debug|Any CPU.ActiveCfg = Debug|Any CPU
		{1CAB449A-3C94-4430-AD40-358180A6CFDD}.Debug|Any CPU.Build.0 = Debug|Any CPU
		{1CAB449A-3C94-4430-AD40-358180A6CFDD}.Release|Any CPU.ActiveCfg = Release|Any CPU
		{1CAB449A-3C94-4430-AD40-358180A6CFDD}.Release|Any CPU.Build.0 = Release|Any CPU
	EndGlobalSection
	GlobalSection(SolutionProperties) = preSolution
		HideSolutionNode = FALSE
	EndGlobalSection
	GlobalSection(ExtensibilityGlobals) = postSolution
		SolutionGuid = {3635CEE0-D5B8-4089-98BE-9E0FF23A0B59}
	EndGlobalSection
EndGlobal
